// !$*UTF8*$!
{
	archiveVersion = 1;
	classes = {
	};
	objectVersion = 46;
	objects = {

/* Begin PBXBuildFile section */
		94EC34571CAE15A200F6D513 /* main.cpp in Sources */ = {isa = PBXBuildFile; fileRef = 94EC34561CAE15A200F6D513 /* main.cpp */; };
		94EC345F1CAE162600F6D513 /* Dijkstra.cpp in Sources */ = {isa = PBXBuildFile; fileRef = 94EC345D1CAE162600F6D513 /* Dijkstra.cpp */; };
		94EC34631CAE176900F6D513 /* memetic.cpp in Sources */ = {isa = PBXBuildFile; fileRef = 94EC34611CAE176900F6D513 /* memetic.cpp */; };
		94EC34661CAE17D700F6D513 /* net.cpp in Sources */ = {isa = PBXBuildFile; fileRef = 94EC34641CAE17D700F6D513 /* net.cpp */; };
		94EC34691CAE183500F6D513 /* sequeue.cpp in Sources */ = {isa = PBXBuildFile; fileRef = 94EC34671CAE183500F6D513 /* sequeue.cpp */; };
		94EC346C1CAE1E7C00F6D513 /* experiments.cpp in Sources */ = {isa = PBXBuildFile; fileRef = 94EC346A1CAE1E7C00F6D513 /* experiments.cpp */; };
/* End PBXBuildFile section */

/* Begin PBXCopyFilesBuildPhase section */
		94EC34511CAE15A200F6D513 /* CopyFiles */ = {
			isa = PBXCopyFilesBuildPhase;
			buildActionMask = 2147483647;
			dstPath = /usr/share/man/man1/;
			dstSubfolderSpec = 0;
			files = (
			);
			runOnlyForDeploymentPostprocessing = 1;
		};
/* End PBXCopyFilesBuildPhase section */

/* Begin PBXFileReference section */
		94EC34531CAE15A200F6D513 /* MA_Rcf */ = {isa = PBXFileReference; explicitFileType = "compiled.mach-o.executable"; includeInIndex = 0; path = MA_Rcf; sourceTree = BUILT_PRODUCTS_DIR; };
		94EC34561CAE15A200F6D513 /* main.cpp */ = {isa = PBXFileReference; lastKnownFileType = sourcecode.cpp.cpp; path = main.cpp; sourceTree = "<group>"; };
		94EC345D1CAE162600F6D513 /* Dijkstra.cpp */ = {isa = PBXFileReference; fileEncoding = 4; lastKnownFileType = sourcecode.cpp.cpp; path = Dijkstra.cpp; sourceTree = "<group>"; };
		94EC345E1CAE162600F6D513 /* Dijkstra.hpp */ = {isa = PBXFileReference; fileEncoding = 4; lastKnownFileType = sourcecode.cpp.h; path = Dijkstra.hpp; sourceTree = "<group>"; };
		94EC34601CAE171E00F6D513 /* gbdefine.h */ = {isa = PBXFileReference; lastKnownFileType = sourcecode.c.h; path = gbdefine.h; sourceTree = "<group>"; };
		94EC34611CAE176900F6D513 /* memetic.cpp */ = {isa = PBXFileReference; fileEncoding = 4; lastKnownFileType = sourcecode.cpp.cpp; path = memetic.cpp; sourceTree = "<group>"; };
		94EC34621CAE176900F6D513 /* memetic.hpp */ = {isa = PBXFileReference; fileEncoding = 4; lastKnownFileType = sourcecode.cpp.h; path = memetic.hpp; sourceTree = "<group>"; };
		94EC34641CAE17D700F6D513 /* net.cpp */ = {isa = PBXFileReference; fileEncoding = 4; lastKnownFileType = sourcecode.cpp.cpp; path = net.cpp; sourceTree = "<group>"; };
		94EC34651CAE17D700F6D513 /* net.hpp */ = {isa = PBXFileReference; fileEncoding = 4; lastKnownFileType = sourcecode.cpp.h; path = net.hpp; sourceTree = "<group>"; };
		94EC34671CAE183500F6D513 /* sequeue.cpp */ = {isa = PBXFileReference; fileEncoding = 4; lastKnownFileType = sourcecode.cpp.cpp; path = sequeue.cpp; sourceTree = "<group>"; };
		94EC34681CAE183500F6D513 /* sequeue.hpp */ = {isa = PBXFileReference; fileEncoding = 4; lastKnownFileType = sourcecode.cpp.h; path = sequeue.hpp; sourceTree = "<group>"; };
		94EC346A1CAE1E7C00F6D513 /* experiments.cpp */ = {isa = PBXFileReference; fileEncoding = 4; lastKnownFileType = sourcecode.cpp.cpp; path = experiments.cpp; sourceTree = "<group>"; };
		94EC346B1CAE1E7C00F6D513 /* experiments.hpp */ = {isa = PBXFileReference; fileEncoding = 4; lastKnownFileType = sourcecode.cpp.h; path = experiments.hpp; sourceTree = "<group>"; };
/* End PBXFileReference section */

/* Begin PBXFrameworksBuildPhase section */
		94EC34501CAE15A200F6D513 /* Frameworks */ = {
			isa = PBXFrameworksBuildPhase;
			buildActionMask = 2147483647;
			files = (
			);
			runOnlyForDeploymentPostprocessing = 0;
		};
/* End PBXFrameworksBuildPhase section */

/* Begin PBXGroup section */
		94EC344A1CAE15A200F6D513 = {
			isa = PBXGroup;
			children = (
				94EC34551CAE15A200F6D513 /* MA_Rcf */,
				94EC34541CAE15A200F6D513 /* Products */,
			);
			sourceTree = "<group>";
		};
		94EC34541CAE15A200F6D513 /* Products */ = {
			isa = PBXGroup;
			children = (
				94EC34531CAE15A200F6D513 /* MA_Rcf */,
			);
			name = Products;
			sourceTree = "<group>";
		};
		94EC34551CAE15A200F6D513 /* MA_Rcf */ = {
			isa = PBXGroup;
			children = (
				94EC34561CAE15A200F6D513 /* main.cpp */,
				94EC345D1CAE162600F6D513 /* Dijkstra.cpp */,
				94EC345E1CAE162600F6D513 /* Dijkstra.hpp */,
				94EC34601CAE171E00F6D513 /* gbdefine.h */,
				94EC34611CAE176900F6D513 /* memetic.cpp */,
				94EC34621CAE176900F6D513 /* memetic.hpp */,
				94EC34641CAE17D700F6D513 /* net.cpp */,
				94EC34651CAE17D700F6D513 /* net.hpp */,
				94EC34671CAE183500F6D513 /* sequeue.cpp */,
				94EC34681CAE183500F6D513 /* sequeue.hpp */,
				94EC346A1CAE1E7C00F6D513 /* experiments.cpp */,
				94EC346B1CAE1E7C00F6D513 /* experiments.hpp */,
			);
			path = MA_Rcf;
			sourceTree = "<group>";
		};
/* End PBXGroup section */

/* Begin PBXNativeTarget section */
		94EC34521CAE15A200F6D513 /* MA_Rcf */ = {
			isa = PBXNativeTarget;
			buildConfigurationList = 94EC345A1CAE15A200F6D513 /* Build configuration list for PBXNativeTarget "MA_Rcf" */;
			buildPhases = (
				94EC344F1CAE15A200F6D513 /* Sources */,
				94EC34501CAE15A200F6D513 /* Frameworks */,
				94EC34511CAE15A200F6D513 /* CopyFiles */,
			);
			buildRules = (
			);
			dependencies = (
			);
			name = MA_Rcf;
			productName = MA_Rcf;
			productReference = 94EC34531CAE15A200F6D513 /* MA_Rcf */;
			productType = "com.apple.product-type.tool";
		};
/* End PBXNativeTarget section */

/* Begin PBXProject section */
		94EC344B1CAE15A200F6D513 /* Project object */ = {
			isa = PBXProject;
			attributes = {
				LastUpgradeCheck = 0710;
				ORGANIZATIONNAME = "唐向龙";
				TargetAttributes = {
					94EC34521CAE15A200F6D513 = {
						CreatedOnToolsVersion = 7.1;
					};
				};
			};
			buildConfigurationList = 94EC344E1CAE15A200F6D513 /* Build configuration list for PBXProject "MA_Rcf" */;
			compatibilityVersion = "Xcode 3.2";
			developmentRegion = English;
			hasScannedForEncodings = 0;
			knownRegions = (
				en,
			);
			mainGroup = 94EC344A1CAE15A200F6D513;
			productRefGroup = 94EC34541CAE15A200F6D513 /* Products */;
			projectDirPath = "";
			projectRoot = "";
			targets = (
				94EC34521CAE15A200F6D513 /* MA_Rcf */,
			);
		};
/* End PBXProject section */

/* Begin PBXSourcesBuildPhase section */
		94EC344F1CAE15A200F6D513 /* Sources */ = {
			isa = PBXSourcesBuildPhase;
			buildActionMask = 2147483647;
			files = (
				94EC346C1CAE1E7C00F6D513 /* experiments.cpp in Sources */,
				94EC34571CAE15A200F6D513 /* main.cpp in Sources */,
				94EC34631CAE176900F6D513 /* memetic.cpp in Sources */,
				94EC345F1CAE162600F6D513 /* Dijkstra.cpp in Sources */,
				94EC34661CAE17D700F6D513 /* net.cpp in Sources */,
				94EC34691CAE183500F6D513 /* sequeue.cpp in Sources */,
			);
			runOnlyForDeploymentPostprocessing = 0;
		};
/* End PBXSourcesBuildPhase section */

/* Begin XCBuildConfiguration section */
		94EC34581CAE15A200F6D513 /* Debug */ = {
			isa = XCBuildConfiguration;
			buildSettings = {
				ALWAYS_SEARCH_USER_PATHS = NO;
				CLANG_CXX_LANGUAGE_STANDARD = "gnu++0x";
				CLANG_CXX_LIBRARY = "libc++";
				CLANG_ENABLE_MODULES = YES;
				CLANG_ENABLE_OBJC_ARC = YES;
				CLANG_WARN_BOOL_CONVERSION = YES;
				CLANG_WARN_CONSTANT_CONVERSION = YES;
				CLANG_WARN_DIRECT_OBJC_ISA_USAGE = YES_ERROR;
				CLANG_WARN_EMPTY_BODY = YES;
				CLANG_WARN_ENUM_CONVERSION = YES;
				CLANG_WARN_INT_CONVERSION = YES;
				CLANG_WARN_OBJC_ROOT_CLASS = YES_ERROR;
				CLANG_WARN_UNREACHABLE_CODE = YES;
				CLANG_WARN__DUPLICATE_METHOD_MATCH = YES;
				CODE_SIGN_IDENTITY = "-";
				COPY_PHASE_STRIP = NO;
				DEBUG_INFORMATION_FORMAT = dwarf;
				ENABLE_STRICT_OBJC_MSGSEND = YES;
				ENABLE_TESTABILITY = YES;
				GCC_C_LANGUAGE_STANDARD = gnu99;
				GCC_DYNAMIC_NO_PIC = NO;
				GCC_NO_COMMON_BLOCKS = YES;
				GCC_OPTIMIZATION_LEVEL = 0;
				GCC_PREPROCESSOR_DEFINITIONS = (
					"DEBUG=1",
					"$(inherited)",
				);
				GCC_WARN_64_TO_32_BIT_CONVERSION = YES;
				GCC_WARN_ABOUT_RETURN_TYPE = YES_ERROR;
				GCC_WARN_UNDECLARED_SELECTOR = YES;
				GCC_WARN_UNINITIALIZED_AUTOS = YES_AGGRESSIVE;
				GCC_WARN_UNUSED_FUNCTION = YES;
				GCC_WARN_UNUSED_VARIABLE = YES;
				MACOSX_DEPLOYMENT_TARGET = 10.10;
				MTL_ENABLE_DEBUG_INFO = YES;
				ONLY_ACTIVE_ARCH = YES;
				SDKROOT = macosx;
			};
			name = Debug;
		};
		94EC34591CAE15A200F6D513 /* Release */ = {
			isa = XCBuildConfiguration;
			buildSettings = {
				ALWAYS_SEARCH_USER_PATHS = NO;
				CLANG_CXX_LANGUAGE_STANDARD = "gnu++0x";
				CLANG_CXX_LIBRARY = "libc++";
				CLANG_ENABLE_MODULES = YES;
				CLANG_ENABLE_OBJC_ARC = YES;
				CLANG_WARN_BOOL_CONVERSION = YES;
				CLANG_WARN_CONSTANT_CONVERSION = YES;
				CLANG_WARN_DIRECT_OBJC_ISA_USAGE = YES_ERROR;
				CLANG_WARN_EMPTY_BODY = YES;
				CLANG_WARN_ENUM_CONVERSION = YES;
				CLANG_WARN_INT_CONVERSION = YES;
				CLANG_WARN_OBJC_ROOT_CLASS = YES_ERROR;
				CLANG_WARN_UNREACHABLE_CODE = YES;
				CLANG_WARN__DUPLICATE_METHOD_MATCH = YES;
				CODE_SIGN_IDENTITY = "-";
				COPY_PHASE_STRIP = NO;
				DEBUG_INFORMATION_FORMAT = "dwarf-with-dsym";
				ENABLE_NS_ASSERTIONS = NO;
				ENABLE_STRICT_OBJC_MSGSEND = YES;
				GCC_C_LANGUAGE_STANDARD = gnu99;
				GCC_NO_COMMON_BLOCKS = YES;
				GCC_WARN_64_TO_32_BIT_CONVERSION = YES;
				GCC_WARN_ABOUT_RETURN_TYPE = YES_ERROR;
				GCC_WARN_UNDECLARED_SELECTOR = YES;
				GCC_WARN_UNINITIALIZED_AUTOS = YES_AGGRESSIVE;
				GCC_WARN_UNUSED_FUNCTION = YES;
				GCC_WARN_UNUSED_VARIABLE = YES;
				MACOSX_DEPLOYMENT_TARGET = 10.10;
				MTL_ENABLE_DEBUG_INFO = NO;
				SDKROOT = macosx;
			};
			name = Release;
		};
		94EC345B1CAE15A200F6D513 /* Debug */ = {
			isa = XCBuildConfiguration;
			buildSettings = {
				PRODUCT_NAME = "$(TARGET_NAME)";
			};
			name = Debug;
		};
		94EC345C1CAE15A200F6D513 /* Release */ = {
			isa = XCBuildConfiguration;
			buildSettings = {
				PRODUCT_NAME = "$(TARGET_NAME)";
			};
			name = Release;
		};
/* End XCBuildConfiguration section */

/* Begin XCConfigurationList section */
		94EC344E1CAE15A200F6D513 /* Build configuration list for PBXProject "MA_Rcf" */ = {
			isa = XCConfigurationList;
			buildConfigurations = (
				94EC34581CAE15A200F6D513 /* Debug */,
				94EC34591CAE15A200F6D513 /* Release */,
			);
			defaultConfigurationIsVisible = 0;
			defaultConfigurationName = Release;
		};
		94EC345A1CAE15A200F6D513 /* Build configuration list for PBXNativeTarget "MA_Rcf" */ = {
			isa = XCConfigurationList;
			buildConfigurations = (
				94EC345B1CAE15A200F6D513 /* Debug */,
				94EC345C1CAE15A200F6D513 /* Release */,
			);
			defaultConfigurationIsVisible = 0;
		};
/* End XCConfigurationList section */
	};
	rootObject = 94EC344B1CAE15A200F6D513 /* Project object */;
}
